
Microsoft Visual Studio Solution File, Format Version 12.00
# Visual Studio Version 17
VisualStudioVersion = 17.14.36511.14
MinimumVisualStudioVersion = 10.0.40219.1
Project("{FAE04EC0-301F-11D3-BF4B-00C04F79EFBC}") = "IFSPStore.Domain", "IFSPStore.Domain\IFSPStore.Domain.csproj", "{E55654D3-528D-4D41-BBC4-A51D64A4B253}"
EndProject
Project("{FAE04EC0-301F-11D3-BF4B-00C04F79EFBC}") = "IFSPStore.Repository", "IFSPStore.Repository\IFSPStore.Repository.csproj", "{FD756C78-D25C-4949-8F81-8120D9D35F57}"
EndProject
Project("{FAE04EC0-301F-11D3-BF4B-00C04F79EFBC}") = "IFSPStore.Test", "IFSPStore.Test\IFSPStore.Test.csproj", "{ED1840E7-20FC-4EEC-A170-B8A7F29DAEF9}"
EndProject
Project("{FAE04EC0-301F-11D3-BF4B-00C04F79EFBC}") = "IFSPStore.Service", "IFSPStore.Service\IFSPStore.Service.csproj", "{6E2DA524-2C16-4BAB-8F8F-26310A81A7D6}"
EndProject
Project("{FAE04EC0-301F-11D3-BF4B-00C04F79EFBC}") = "IFSPStore.app", "IFSPStore.app\IFSPStore.app.csproj", "{AC06C1A1-3728-446F-992E-8BB1E4755BDA}"
EndProject
Global
	GlobalSection(SolutionConfigurationPlatforms) = preSolution
		Debug|Any CPU = Debug|Any CPU
		Release|Any CPU = Release|Any CPU
	EndGlobalSection
	GlobalSection(ProjectConfigurationPlatforms) = postSolution
		{E55654D3-528D-4D41-BBC4-A51D64A4B253}.Debug|Any CPU.ActiveCfg = Debug|Any CPU
		{E55654D3-528D-4D41-BBC4-A51D64A4B253}.Debug|Any CPU.Build.0 = Debug|Any CPU
		{E55654D3-528D-4D41-BBC4-A51D64A4B253}.Release|Any CPU.ActiveCfg = Release|Any CPU
		{E55654D3-528D-4D41-BBC4-A51D64A4B253}.Release|Any CPU.Build.0 = Release|Any CPU
		{FD756C78-D25C-4949-8F81-8120D9D35F57}.Debug|Any CPU.ActiveCfg = Debug|Any CPU
		{FD756C78-D25C-4949-8F81-8120D9D35F57}.Debug|Any CPU.Build.0 = Debug|Any CPU
		{FD756C78-D25C-4949-8F81-8120D9D35F57}.Release|Any CPU.ActiveCfg = Release|Any CPU
		{FD756C78-D25C-4949-8F81-8120D9D35F57}.Release|Any CPU.Build.0 = Release|Any CPU
		{ED1840E7-20FC-4EEC-A170-B8A7F29DAEF9}.Debug|Any CPU.ActiveCfg = Debug|Any CPU
		{ED1840E7-20FC-4EEC-A170-B8A7F29DAEF9}.Debug|Any CPU.Build.0 = Debug|Any CPU
		{ED1840E7-20FC-4EEC-A170-B8A7F29DAEF9}.Release|Any CPU.ActiveCfg = Release|Any CPU
		{ED1840E7-20FC-4EEC-A170-B8A7F29DAEF9}.Release|Any CPU.Build.0 = Release|Any CPU
		{6E2DA524-2C16-4BAB-8F8F-26310A81A7D6}.Debug|Any CPU.ActiveCfg = Debug|Any CPU
		{6E2DA524-2C16-4BAB-8F8F-26310A81A7D6}.Debug|Any CPU.Build.0 = Debug|Any CPU
		{6E2DA524-2C16-4BAB-8F8F-26310A81A7D6}.Release|Any CPU.ActiveCfg = Release|Any CPU
		{6E2DA524-2C16-4BAB-8F8F-26310A81A7D6}.Release|Any CPU.Build.0 = Release|Any CPU
		{AC06C1A1-3728-446F-992E-8BB1E4755BDA}.Debug|Any CPU.ActiveCfg = Debug|Any CPU
		{AC06C1A1-3728-446F-992E-8BB1E4755BDA}.Debug|Any CPU.Build.0 = Debug|Any CPU
		{AC06C1A1-3728-446F-992E-8BB1E4755BDA}.Release|Any CPU.ActiveCfg = Release|Any CPU
		{AC06C1A1-3728-446F-992E-8BB1E4755BDA}.Release|Any CPU.Build.0 = Release|Any CPU
	EndGlobalSection
	GlobalSection(SolutionProperties) = preSolution
		HideSolutionNode = FALSE
	EndGlobalSection
	GlobalSection(ExtensibilityGlobals) = postSolution
		SolutionGuid = {13D91503-A882-4F1A-9642-7767E07967D7}
	EndGlobalSection
EndGlobal
